// !$*UTF8*$!
{
	archiveVersion = 1;
	classes = {
	};
	objectVersion = 77;
	objects = {

/* Begin PBXContainerItemProxy section */
		C8AD759A2D9AB6BF00B1C402 /* PBXContainerItemProxy */ = {
			isa = PBXContainerItemProxy;
			containerPortal = C8AD75802D9AB6BF00B1C402 /* Project object */;
			proxyType = 1;
			remoteGlobalIDString = C8AD75872D9AB6BF00B1C402;
			remoteInfo = Brewery;
		};
		C8AD75A42D9AB6BF00B1C402 /* PBXContainerItemProxy */ = {
			isa = PBXContainerItemProxy;
			containerPortal = C8AD75802D9AB6BF00B1C402 /* Project object */;
			proxyType = 1;
			remoteGlobalIDString = C8AD75872D9AB6BF00B1C402;
			remoteInfo = Brewery;
		};
/* End PBXContainerItemProxy section */

/* Begin PBXFileReference section */
		C8AD75882D9AB6BF00B1C402 /* Brewery.app */ = {isa = PBXFileReference; explicitFileType = wrapper.application; includeInIndex = 0; path = Brewery.app; sourceTree = BUILT_PRODUCTS_DIR; };
		C8AD75992D9AB6BF00B1C402 /* BreweryTests.xctest */ = {isa = PBXFileReference; explicitFileType = wrapper.cfbundle; includeInIndex = 0; path = BreweryTests.xctest; sourceTree = BUILT_PRODUCTS_DIR; };
		C8AD75A32D9AB6BF00B1C402 /* BreweryUITests.xctest */ = {isa = PBXFileReference; explicitFileType = wrapper.cfbundle; includeInIndex = 0; path = BreweryUITests.xctest; sourceTree = BUILT_PRODUCTS_DIR; };
/* End PBXFileReference section */

/* Begin PBXFileSystemSynchronizedRootGroup section */
		C8AD758A2D9AB6BF00B1C402 /* Brewery */ = {
			isa = PBXFileSystemSynchronizedRootGroup;
			path = Brewery;
			sourceTree = "<group>";
		};
		C8AD759C2D9AB6BF00B1C402 /* BreweryTests */ = {
			isa = PBXFileSystemSynchronizedRootGroup;
			path = BreweryTests;
			sourceTree = "<group>";
		};
		C8AD75A62D9AB6BF00B1C402 /* BreweryUITests */ = {
			isa = PBXFileSystemSynchronizedRootGroup;
			path = BreweryUITests;
			sourceTree = "<group>";
		};
/* End PBXFileSystemSynchronizedRootGroup section */

/* Begin PBXFrameworksBuildPhase section */
		C8AD75852D9AB6BF00B1C402 /* Frameworks */ = {
			isa = PBXFrameworksBuildPhase;
			buildActionMask = 2147483647;
			files = (
			);
			runOnlyForDeploymentPostprocessing = 0;
		};
		C8AD75962D9AB6BF00B1C402 /* Frameworks */ = {
			isa = PBXFrameworksBuildPhase;
			buildActionMask = 2147483647;
			files = (
			);
			runOnlyForDeploymentPostprocessing = 0;
		};
		C8AD75A02D9AB6BF00B1C402 /* Frameworks */ = {
			isa = PBXFrameworksBuildPhase;
			buildActionMask = 2147483647;
			files = (
			);
			runOnlyForDeploymentPostprocessing = 0;
		};
/* End PBXFrameworksBuildPhase section */

/* Begin PBXGroup section */
		C8AD757F2D9AB6BF00B1C402 = {
			isa = PBXGroup;
			children = (
				C8AD758A2D9AB6BF00B1C402 /* Brewery */,
				C8AD759C2D9AB6BF00B1C402 /* BreweryTests */,
				C8AD75A62D9AB6BF00B1C402 /* BreweryUITests */,
				C8AD75892D9AB6BF00B1C402 /* Products */,
			);
			sourceTree = "<group>";
		};
		C8AD75892D9AB6BF00B1C402 /* Products */ = {
			isa = PBXGroup;
			children = (
				C8AD75882D9AB6BF00B1C402 /* Brewery.app */,
				C8AD75992D9AB6BF00B1C402 /* BreweryTests.xctest */,
				C8AD75A32D9AB6BF00B1C402 /* BreweryUITests.xctest */,
			);
			name = Products;
			sourceTree = "<group>";
		};
/* End PBXGroup section */

/* Begin PBXNativeTarget section */
		C8AD75872D9AB6BF00B1C402 /* Brewery */ = {
			isa = PBXNativeTarget;
			buildConfigurationList = C8AD75AD2D9AB6BF00B1C402 /* Build configuration list for PBXNativeTarget "Brewery" */;
			buildPhases = (
				C8AD75842D9AB6BF00B1C402 /* Sources */,
				C8AD75852D9AB6BF00B1C402 /* Frameworks */,
				C8AD75862D9AB6BF00B1C402 /* Resources */,
			);
			buildRules = (
			);
			dependencies = (
			);
			fileSystemSynchronizedGroups = (
				C8AD758A2D9AB6BF00B1C402 /* Brewery */,
			);
			name = Brewery;
			packageProductDependencies = (
			);
			productName = Brewery;
			productReference = C8AD75882D9AB6BF00B1C402 /* Brewery.app */;
			productType = "com.apple.product-type.application";
		};
		C8AD75982D9AB6BF00B1C402 /* BreweryTests */ = {
			isa = PBXNativeTarget;
			buildConfigurationList = C8AD75B02D9AB6BF00B1C402 /* Build configuration list for PBXNativeTarget "BreweryTests" */;
			buildPhases = (
				C8AD75952D9AB6BF00B1C402 /* Sources */,
				C8AD75962D9AB6BF00B1C402 /* Frameworks */,
				C8AD75972D9AB6BF00B1C402 /* Resources */,
			);
			buildRules = (
			);
			dependencies = (
				C8AD759B2D9AB6BF00B1C402 /* PBXTargetDependency */,
			);
			fileSystemSynchronizedGroups = (
				C8AD759C2D9AB6BF00B1C402 /* BreweryTests */,
			);
			name = BreweryTests;
			packageProductDependencies = (
			);
			productName = BreweryTests;
			productReference = C8AD75992D9AB6BF00B1C402 /* BreweryTests.xctest */;
			productType = "com.apple.product-type.bundle.unit-test";
		};
		C8AD75A22D9AB6BF00B1C402 /* BreweryUITests */ = {
			isa = PBXNativeTarget;
			buildConfigurationList = C8AD75B32D9AB6BF00B1C402 /* Build configuration list for PBXNativeTarget "BreweryUITests" */;
			buildPhases = (
				C8AD759F2D9AB6BF00B1C402 /* Sources */,
				C8AD75A02D9AB6BF00B1C402 /* Frameworks */,
				C8AD75A12D9AB6BF00B1C402 /* Resources */,
			);
			buildRules = (
			);
			dependencies = (
				C8AD75A52D9AB6BF00B1C402 /* PBXTargetDependency */,
			);
			fileSystemSynchronizedGroups = (
				C8AD75A62D9AB6BF00B1C402 /* BreweryUITests */,
			);
			name = BreweryUITests;
			packageProductDependencies = (
			);
			productName = BreweryUITests;
			productReference = C8AD75A32D9AB6BF00B1C402 /* BreweryUITests.xctest */;
			productType = "com.apple.product-type.bundle.ui-testing";
		};
/* End PBXNativeTarget section */

/* Begin PBXProject section */
		C8AD75802D9AB6BF00B1C402 /* Project object */ = {
			isa = PBXProject;
			attributes = {
				BuildIndependentTargetsInParallel = 1;
				LastSwiftUpdateCheck = 1620;
				LastUpgradeCheck = 1630;
				TargetAttributes = {
					C8AD75872D9AB6BF00B1C402 = {
						CreatedOnToolsVersion = 16.2;
					};
					C8AD75982D9AB6BF00B1C402 = {
						CreatedOnToolsVersion = 16.2;
						TestTargetID = C8AD75872D9AB6BF00B1C402;
					};
					C8AD75A22D9AB6BF00B1C402 = {
						CreatedOnToolsVersion = 16.2;
						TestTargetID = C8AD75872D9AB6BF00B1C402;
					};
				};
			};
			buildConfigurationList = C8AD75832D9AB6BF00B1C402 /* Build configuration list for PBXProject "Brewery" */;
			developmentRegion = en;
			hasScannedForEncodings = 0;
			knownRegions = (
				en,
				Base,
			);
			mainGroup = C8AD757F2D9AB6BF00B1C402;
			minimizedProjectReferenceProxies = 1;
			preferredProjectObjectVersion = 77;
			productRefGroup = C8AD75892D9AB6BF00B1C402 /* Products */;
			projectDirPath = "";
			projectRoot = "";
			targets = (
				C8AD75872D9AB6BF00B1C402 /* Brewery */,
				C8AD75982D9AB6BF00B1C402 /* BreweryTests */,
				C8AD75A22D9AB6BF00B1C402 /* BreweryUITests */,
			);
		};
/* End PBXProject section */

/* Begin PBXResourcesBuildPhase section */
		C8AD75862D9AB6BF00B1C402 /* Resources */ = {
			isa = PBXResourcesBuildPhase;
			buildActionMask = 2147483647;
			files = (
			);
			runOnlyForDeploymentPostprocessing = 0;
		};
		C8AD75972D9AB6BF00B1C402 /* Resources */ = {
			isa = PBXResourcesBuildPhase;
			buildActionMask = 2147483647;
			files = (
			);
			runOnlyForDeploymentPostprocessing = 0;
		};
		C8AD75A12D9AB6BF00B1C402 /* Resources */ = {
			isa = PBXResourcesBuildPhase;
			buildActionMask = 2147483647;
			files = (
			);
			runOnlyForDeploymentPostprocessing = 0;
		};
/* End PBXResourcesBuildPhase section */

/* Begin PBXSourcesBuildPhase section */
		C8AD75842D9AB6BF00B1C402 /* Sources */ = {
			isa = PBXSourcesBuildPhase;
			buildActionMask = 2147483647;
			files = (
			);
			runOnlyForDeploymentPostprocessing = 0;
		};
		C8AD75952D9AB6BF00B1C402 /* Sources */ = {
			isa = PBXSourcesBuildPhase;
			buildActionMask = 2147483647;
			files = (
			);
			runOnlyForDeploymentPostprocessing = 0;
		};
		C8AD759F2D9AB6BF00B1C402 /* Sources */ = {
			isa = PBXSourcesBuildPhase;
			buildActionMask = 2147483647;
			files = (
			);
			runOnlyForDeploymentPostprocessing = 0;
		};
/* End PBXSourcesBuildPhase section */

/* Begin PBXTargetDependency section */
		C8AD759B2D9AB6BF00B1C402 /* PBXTargetDependency */ = {
			isa = PBXTargetDependency;
			target = C8AD75872D9AB6BF00B1C402 /* Brewery */;
			targetProxy = C8AD759A2D9AB6BF00B1C402 /* PBXContainerItemProxy */;
		};
		C8AD75A52D9AB6BF00B1C402 /* PBXTargetDependency */ = {
			isa = PBXTargetDependency;
			target = C8AD75872D9AB6BF00B1C402 /* Brewery */;
			targetProxy = C8AD75A42D9AB6BF00B1C402 /* PBXContainerItemProxy */;
		};
/* End PBXTargetDependency section */

/* Begin XCBuildConfiguration section */
		C8AD75AB2D9AB6BF00B1C402 /* Debug */ = {
			isa = XCBuildConfiguration;
			buildSettings = {
				ALWAYS_SEARCH_USER_PATHS = NO;
				ASSETCATALOG_COMPILER_GENERATE_SWIFT_ASSET_SYMBOL_EXTENSIONS = YES;
				CLANG_ANALYZER_NONNULL = YES;
				CLANG_ANALYZER_NUMBER_OBJECT_CONVERSION = YES_AGGRESSIVE;
				CLANG_CXX_LANGUAGE_STANDARD = "gnu++20";
				CLANG_ENABLE_MODULES = YES;
				CLANG_ENABLE_OBJC_ARC = YES;
				CLANG_ENABLE_OBJC_WEAK = YES;
				CLANG_WARN_BLOCK_CAPTURE_AUTORELEASING = YES;
				CLANG_WARN_BOOL_CONVERSION = YES;
				CLANG_WARN_COMMA = YES;
				CLANG_WARN_CONSTANT_CONVERSION = YES;
				CLANG_WARN_DEPRECATED_OBJC_IMPLEMENTATIONS = YES;
				CLANG_WARN_DIRECT_OBJC_ISA_USAGE = YES_ERROR;
				CLANG_WARN_DOCUMENTATION_COMMENTS = YES;
				CLANG_WARN_EMPTY_BODY = YES;
				CLANG_WARN_ENUM_CONVERSION = YES;
				CLANG_WARN_INFINITE_RECURSION = YES;
				CLANG_WARN_INT_CONVERSION = YES;
				CLANG_WARN_NON_LITERAL_NULL_CONVERSION = YES;
				CLANG_WARN_OBJC_IMPLICIT_RETAIN_SELF = YES;
				CLANG_WARN_OBJC_LITERAL_CONVERSION = YES;
				CLANG_WARN_OBJC_ROOT_CLASS = YES_ERROR;
				CLANG_WARN_QUOTED_INCLUDE_IN_FRAMEWORK_HEADER = YES;
				CLANG_WARN_RANGE_LOOP_ANALYSIS = YES;
				CLANG_WARN_STRICT_PROTOTYPES = YES;
				CLANG_WARN_SUSPICIOUS_MOVE = YES;
				CLANG_WARN_UNGUARDED_AVAILABILITY = YES_AGGRESSIVE;
				CLANG_WARN_UNREACHABLE_CODE = YES;
				CLANG_WARN__DUPLICATE_METHOD_MATCH = YES;
				COPY_PHASE_STRIP = NO;
				DEAD_CODE_STRIPPING = YES;
				DEBUG_INFORMATION_FORMAT = dwarf;
				ENABLE_STRICT_OBJC_MSGSEND = YES;
				ENABLE_TESTABILITY = YES;
				ENABLE_USER_SCRIPT_SANDBOXING = YES;
				GCC_C_LANGUAGE_STANDARD = gnu17;
				GCC_DYNAMIC_NO_PIC = NO;
				GCC_NO_COMMON_BLOCKS = YES;
				GCC_OPTIMIZATION_LEVEL = 0;
				GCC_PREPROCESSOR_DEFINITIONS = (
					"DEBUG=1",
					"$(inherited)",
				);
				GCC_WARN_64_TO_32_BIT_CONVERSION = YES;
				GCC_WARN_ABOUT_RETURN_TYPE = YES_ERROR;
				GCC_WARN_UNDECLARED_SELECTOR = YES;
				GCC_WARN_UNINITIALIZED_AUTOS = YES_AGGRESSIVE;
				GCC_WARN_UNUSED_FUNCTION = YES;
				GCC_WARN_UNUSED_VARIABLE = YES;
				LOCALIZATION_PREFERS_STRING_CATALOGS = YES;
				MACOSX_DEPLOYMENT_TARGET = 15.2;
				MTL_ENABLE_DEBUG_INFO = INCLUDE_SOURCE;
				MTL_FAST_MATH = YES;
				ONLY_ACTIVE_ARCH = YES;
				SDKROOT = macosx;
				SWIFT_ACTIVE_COMPILATION_CONDITIONS = "DEBUG $(inherited)";
				SWIFT_OPTIMIZATION_LEVEL = "-Onone";
			};
			name = Debug;
		};
		C8AD75AC2D9AB6BF00B1C402 /* Release */ = {
			isa = XCBuildConfiguration;
			buildSettings = {
				ALWAYS_SEARCH_USER_PATHS = NO;
				ASSETCATALOG_COMPILER_GENERATE_SWIFT_ASSET_SYMBOL_EXTENSIONS = YES;
				CLANG_ANALYZER_NONNULL = YES;
				CLANG_ANALYZER_NUMBER_OBJECT_CONVERSION = YES_AGGRESSIVE;
				CLANG_CXX_LANGUAGE_STANDARD = "gnu++20";
				CLANG_ENABLE_MODULES = YES;
				CLANG_ENABLE_OBJC_ARC = YES;
				CLANG_ENABLE_OBJC_WEAK = YES;
				CLANG_WARN_BLOCK_CAPTURE_AUTORELEASING = YES;
				CLANG_WARN_BOOL_CONVERSION = YES;
				CLANG_WARN_COMMA = YES;
				CLANG_WARN_CONSTANT_CONVERSION = YES;
				CLANG_WARN_DEPRECATED_OBJC_IMPLEMENTATIONS = YES;
				CLANG_WARN_DIRECT_OBJC_ISA_USAGE = YES_ERROR;
				CLANG_WARN_DOCUMENTATION_COMMENTS = YES;
				CLANG_WARN_EMPTY_BODY = YES;
				CLANG_WARN_ENUM_CONVERSION = YES;
				CLANG_WARN_INFINITE_RECURSION = YES;
				CLANG_WARN_INT_CONVERSION = YES;
				CLANG_WARN_NON_LITERAL_NULL_CONVERSION = YES;
				CLANG_WARN_OBJC_IMPLICIT_RETAIN_SELF = YES;
				CLANG_WARN_OBJC_LITERAL_CONVERSION = YES;
				CLANG_WARN_OBJC_ROOT_CLASS = YES_ERROR;
				CLANG_WARN_QUOTED_INCLUDE_IN_FRAMEWORK_HEADER = YES;
				CLANG_WARN_RANGE_LOOP_ANALYSIS = YES;
				CLANG_WARN_STRICT_PROTOTYPES = YES;
				CLANG_WARN_SUSPICIOUS_MOVE = YES;
				CLANG_WARN_UNGUARDED_AVAILABILITY = YES_AGGRESSIVE;
				CLANG_WARN_UNREACHABLE_CODE = YES;
				CLANG_WARN__DUPLICATE_METHOD_MATCH = YES;
				COPY_PHASE_STRIP = NO;
				DEAD_CODE_STRIPPING = YES;
				DEBUG_INFORMATION_FORMAT = "dwarf-with-dsym";
				ENABLE_NS_ASSERTIONS = NO;
				ENABLE_STRICT_OBJC_MSGSEND = YES;
				ENABLE_USER_SCRIPT_SANDBOXING = YES;
				GCC_C_LANGUAGE_STANDARD = gnu17;
				GCC_NO_COMMON_BLOCKS = YES;
				GCC_WARN_64_TO_32_BIT_CONVERSION = YES;
				GCC_WARN_ABOUT_RETURN_TYPE = YES_ERROR;
				GCC_WARN_UNDECLARED_SELECTOR = YES;
				GCC_WARN_UNINITIALIZED_AUTOS = YES_AGGRESSIVE;
				GCC_WARN_UNUSED_FUNCTION = YES;
				GCC_WARN_UNUSED_VARIABLE = YES;
				LOCALIZATION_PREFERS_STRING_CATALOGS = YES;
				MACOSX_DEPLOYMENT_TARGET = 15.2;
				MTL_ENABLE_DEBUG_INFO = NO;
				MTL_FAST_MATH = YES;
				SDKROOT = macosx;
				SWIFT_COMPILATION_MODE = wholemodule;
			};
			name = Release;
		};
		C8AD75AE2D9AB6BF00B1C402 /* Debug */ = {
			isa = XCBuildConfiguration;
			buildSettings = {
				ASSETCATALOG_COMPILER_APPICON_NAME = AppIcon;
				ASSETCATALOG_COMPILER_GLOBAL_ACCENT_COLOR_NAME = AccentColor;
				CODE_SIGN_ENTITLEMENTS = Brewery/Brewery.entitlements;
				CODE_SIGN_STYLE = Automatic;
				COMBINE_HIDPI_IMAGES = YES;
				CURRENT_PROJECT_VERSION = 1;
				DEAD_CODE_STRIPPING = YES;
				DEVELOPMENT_ASSET_PATHS = "\"Brewery/Preview Content\"";
				ENABLE_PREVIEWS = YES;
				GENERATE_INFOPLIST_FILE = YES;
				INFOPLIST_KEY_NSHumanReadableCopyright = "";
				LD_RUNPATH_SEARCH_PATHS = (
					"$(inherited)",
					"@executable_path/../Frameworks",
				);
				MACOSX_DEPLOYMENT_TARGET = 15.0;
				MARKETING_VERSION = 1.0;
				PRODUCT_BUNDLE_IDENTIFIER = com.pongter.Brewery;
				PRODUCT_NAME = "$(TARGET_NAME)";
				SWIFT_EMIT_LOC_STRINGS = YES;
				SWIFT_VERSION = 5.0;
			};
			name = Debug;
		};
		C8AD75AF2D9AB6BF00B1C402 /* Release */ = {
			isa = XCBuildConfiguration;
			buildSettings = {
				ASSETCATALOG_COMPILER_APPICON_NAME = AppIcon;
				ASSETCATALOG_COMPILER_GLOBAL_ACCENT_COLOR_NAME = AccentColor;
				CODE_SIGN_ENTITLEMENTS = Brewery/Brewery.entitlements;
				CODE_SIGN_STYLE = Automatic;
				COMBINE_HIDPI_IMAGES = YES;
				CURRENT_PROJECT_VERSION = 1;
				DEAD_CODE_STRIPPING = YES;
				DEVELOPMENT_ASSET_PATHS = "\"Brewery/Preview Content\"";
				ENABLE_PREVIEWS = YES;
				GENERATE_INFOPLIST_FILE = YES;
				INFOPLIST_KEY_NSHumanReadableCopyright = "";
				LD_RUNPATH_SEARCH_PATHS = (
					"$(inherited)",
					"@executable_path/../Frameworks",
				);
				MACOSX_DEPLOYMENT_TARGET = 15.0;
				MARKETING_VERSION = 1.0;
				PRODUCT_BUNDLE_IDENTIFIER = com.pongter.Brewery;
				PRODUCT_NAME = "$(TARGET_NAME)";
				SWIFT_EMIT_LOC_STRINGS = YES;
				SWIFT_VERSION = 5.0;
			};
			name = Release;
		};
		C8AD75B12D9AB6BF00B1C402 /* Debug */ = {
			isa = XCBuildConfiguration;
			buildSettings = {
				BUNDLE_LOADER = "$(TEST_HOST)";
				CODE_SIGN_STYLE = Automatic;
				CURRENT_PROJECT_VERSION = 1;
				DEAD_CODE_STRIPPING = YES;
				GENERATE_INFOPLIST_FILE = YES;
				MACOSX_DEPLOYMENT_TARGET = 15.2;
				MARKETING_VERSION = 1.0;
				PRODUCT_BUNDLE_IDENTIFIER = com.pongter.BreweryTests;
				PRODUCT_NAME = "$(TARGET_NAME)";
				SWIFT_EMIT_LOC_STRINGS = NO;
				SWIFT_VERSION = 5.0;
				TEST_HOST = "$(BUILT_PRODUCTS_DIR)/Brewery.app/$(BUNDLE_EXECUTABLE_FOLDER_PATH)/Brewery";
			};
			name = Debug;
		};
		C8AD75B22D9AB6BF00B1C402 /* Release */ = {
			isa = XCBuildConfiguration;
			buildSettings = {
				BUNDLE_LOADER = "$(TEST_HOST)";
				CODE_SIGN_STYLE = Automatic;
				CURRENT_PROJECT_VERSION = 1;
				DEAD_CODE_STRIPPING = YES;
				GENERATE_INFOPLIST_FILE = YES;
				MACOSX_DEPLOYMENT_TARGET = 15.2;
				MARKETING_VERSION = 1.0;
				PRODUCT_BUNDLE_IDENTIFIER = com.pongter.BreweryTests;
				PRODUCT_NAME = "$(TARGET_NAME)";
				SWIFT_EMIT_LOC_STRINGS = NO;
				SWIFT_VERSION = 5.0;
				TEST_HOST = "$(BUILT_PRODUCTS_DIR)/Brewery.app/$(BUNDLE_EXECUTABLE_FOLDER_PATH)/Brewery";
			};
			name = Release;
		};
		C8AD75B42D9AB6BF00B1C402 /* Debug */ = {
			isa = XCBuildConfiguration;
			buildSettings = {
				CODE_SIGN_STYLE = Automatic;
				CURRENT_PROJECT_VERSION = 1;
				DEAD_CODE_STRIPPING = YES;
				GENERATE_INFOPLIST_FILE = YES;
				MARKETING_VERSION = 1.0;
				PRODUCT_BUNDLE_IDENTIFIER = com.pongter.BreweryUITests;
				PRODUCT_NAME = "$(TARGET_NAME)";
				SWIFT_EMIT_LOC_STRINGS = NO;
				SWIFT_VERSION = 5.0;
				TEST_TARGET_NAME = Brewery;
			};
			name = Debug;
		};
		C8AD75B52D9AB6BF00B1C402 /* Release */ = {
			isa = XCBuildConfiguration;
			buildSettings = {
				CODE_SIGN_STYLE = Automatic;
				CURRENT_PROJECT_VERSION = 1;
				DEAD_CODE_STRIPPING = YES;
				GENERATE_INFOPLIST_FILE = YES;
				MARKETING_VERSION = 1.0;
				PRODUCT_BUNDLE_IDENTIFIER = com.pongter.BreweryUITests;
				PRODUCT_NAME = "$(TARGET_NAME)";
				SWIFT_EMIT_LOC_STRINGS = NO;
				SWIFT_VERSION = 5.0;
				TEST_TARGET_NAME = Brewery;
			};
			name = Release;
		};
/* End XCBuildConfiguration section */

/* Begin XCConfigurationList section */
		C8AD75832D9AB6BF00B1C402 /* Build configuration list for PBXProject "Brewery" */ = {
			isa = XCConfigurationList;
			buildConfigurations = (
				C8AD75AB2D9AB6BF00B1C402 /* Debug */,
				C8AD75AC2D9AB6BF00B1C402 /* Release */,
			);
			defaultConfigurationIsVisible = 0;
			defaultConfigurationName = Release;
		};
		C8AD75AD2D9AB6BF00B1C402 /* Build configuration list for PBXNativeTarget "Brewery" */ = {
			isa = XCConfigurationList;
			buildConfigurations = (
				C8AD75AE2D9AB6BF00B1C402 /* Debug */,
				C8AD75AF2D9AB6BF00B1C402 /* Release */,
			);
			defaultConfigurationIsVisible = 0;
			defaultConfigurationName = Release;
		};
		C8AD75B02D9AB6BF00B1C402 /* Build configuration list for PBXNativeTarget "BreweryTests" */ = {
			isa = XCConfigurationList;
			buildConfigurations = (
				C8AD75B12D9AB6BF00B1C402 /* Debug */,
				C8AD75B22D9AB6BF00B1C402 /* Release */,
			);
			defaultConfigurationIsVisible = 0;
			defaultConfigurationName = Release;
		};
		C8AD75B32D9AB6BF00B1C402 /* Build configuration list for PBXNativeTarget "BreweryUITests" */ = {
			isa = XCConfigurationList;
			buildConfigurations = (
				C8AD75B42D9AB6BF00B1C402 /* Debug */,
				C8AD75B52D9AB6BF00B1C402 /* Release */,
			);
			defaultConfigurationIsVisible = 0;
			defaultConfigurationName = Release;
		};
/* End XCConfigurationList section */
	};
	rootObject = C8AD75802D9AB6BF00B1C402 /* Project object */;
}
